
Microsoft Visual Studio Solution File, Format Version 12.00
# Visual Studio 15
VisualStudioVersion = 15.0.27130.2026
MinimumVisualStudioVersion = 10.0.40219.1
Project("{FAE04EC0-301F-11D3-BF4B-00C04F79EFBC}") = "ProjectApi", "ProjectApi\ProjectApi.csproj", "{3384AEDE-0223-42F1-9FED-7495920DE943}"
EndProject
Project("{FAE04EC0-301F-11D3-BF4B-00C04F79EFBC}") = "ProjectApi.Domain", "ProjectApi.Domain\ProjectApi.Domain.csproj", "{3A569B4C-BA57-40BD-8620-87207ADD7897}"
EndProject
Global
	GlobalSection(SolutionConfigurationPlatforms) = preSolution
		Debug|Any CPU = Debug|Any CPU
		Release|Any CPU = Release|Any CPU
	EndGlobalSection
	GlobalSection(ProjectConfigurationPlatforms) = postSolution
		{3384AEDE-0223-42F1-9FED-7495920DE943}.Debug|Any CPU.ActiveCfg = Debug|Any CPU
		{3384AEDE-0223-42F1-9FED-7495920DE943}.Debug|Any CPU.Build.0 = Debug|Any CPU
		{3384AEDE-0223-42F1-9FED-7495920DE943}.Release|Any CPU.ActiveCfg = Release|Any CPU
		{3384AEDE-0223-42F1-9FED-7495920DE943}.Release|Any CPU.Build.0 = Release|Any CPU
		{3A569B4C-BA57-40BD-8620-87207ADD7897}.Debug|Any CPU.ActiveCfg = Debug|Any CPU
		{3A569B4C-BA57-40BD-8620-87207ADD7897}.Debug|Any CPU.Build.0 = Debug|Any CPU
		{3A569B4C-BA57-40BD-8620-87207ADD7897}.Release|Any CPU.ActiveCfg = Release|Any CPU
		{3A569B4C-BA57-40BD-8620-87207ADD7897}.Release|Any CPU.Build.0 = Release|Any CPU
	EndGlobalSection
	GlobalSection(SolutionProperties) = preSolution
		HideSolutionNode = FALSE
	EndGlobalSection
	GlobalSection(ExtensibilityGlobals) = postSolution
		SolutionGuid = {B1BA4233-756D-4796-8764-22E9242FE0C0}
	EndGlobalSection
EndGlobal
